
Microsoft Visual Studio Solution File, Format Version 12.00
# Visual Studio Version 16
VisualStudioVersion = 16.0.30804.86
MinimumVisualStudioVersion = 10.0.40219.1
Project("{FAE04EC0-301F-11D3-BF4B-00C04F79EFBC}") = "ScansTracker.Bot", "ScansTracker.Bot\ScansTracker.Bot.csproj", "{F4651290-A1AA-4D8E-979A-9AEB6522EEAD}"
EndProject
Project("{FAE04EC0-301F-11D3-BF4B-00C04F79EFBC}") = "ScanTracker.Services", "ScanTracker.Services\ScanTracker.Services.csproj", "{EE1226A7-74CC-4891-A04C-53C5C6458F13}"
EndProject
Project("{FAE04EC0-301F-11D3-BF4B-00C04F79EFBC}") = "ScansTracker.Data", "ScansTracker.Data\ScansTracker.Data.csproj", "{2B6DC776-56EF-43F5-930B-73642BCB1292}"
EndProject
Global
	GlobalSection(SolutionConfigurationPlatforms) = preSolution
		Debug|Any CPU = Debug|Any CPU
		Release|Any CPU = Release|Any CPU
	EndGlobalSection
	GlobalSection(ProjectConfigurationPlatforms) = postSolution
		{F4651290-A1AA-4D8E-979A-9AEB6522EEAD}.Debug|Any CPU.ActiveCfg = Debug|Any CPU
		{F4651290-A1AA-4D8E-979A-9AEB6522EEAD}.Debug|Any CPU.Build.0 = Debug|Any CPU
		{F4651290-A1AA-4D8E-979A-9AEB6522EEAD}.Release|Any CPU.ActiveCfg = Release|Any CPU
		{F4651290-A1AA-4D8E-979A-9AEB6522EEAD}.Release|Any CPU.Build.0 = Release|Any CPU
		{EE1226A7-74CC-4891-A04C-53C5C6458F13}.Debug|Any CPU.ActiveCfg = Debug|Any CPU
		{EE1226A7-74CC-4891-A04C-53C5C6458F13}.Debug|Any CPU.Build.0 = Debug|Any CPU
		{EE1226A7-74CC-4891-A04C-53C5C6458F13}.Release|Any CPU.ActiveCfg = Release|Any CPU
		{EE1226A7-74CC-4891-A04C-53C5C6458F13}.Release|Any CPU.Build.0 = Release|Any CPU
		{2B6DC776-56EF-43F5-930B-73642BCB1292}.Debug|Any CPU.ActiveCfg = Debug|Any CPU
		{2B6DC776-56EF-43F5-930B-73642BCB1292}.Debug|Any CPU.Build.0 = Debug|Any CPU
		{2B6DC776-56EF-43F5-930B-73642BCB1292}.Release|Any CPU.ActiveCfg = Release|Any CPU
		{2B6DC776-56EF-43F5-930B-73642BCB1292}.Release|Any CPU.Build.0 = Release|Any CPU
	EndGlobalSection
	GlobalSection(SolutionProperties) = preSolution
		HideSolutionNode = FALSE
	EndGlobalSection
	GlobalSection(ExtensibilityGlobals) = postSolution
		SolutionGuid = {572EC2E3-41DE-44B3-A5D1-6E80F0B55D6B}
	EndGlobalSection
EndGlobal
